
Microsoft Visual Studio Solution File, Format Version 12.00
# Visual Studio Version 16
VisualStudioVersion = 16.0.29609.76
MinimumVisualStudioVersion = 10.0.40219.1
Project("{FAE04EC0-301F-11D3-BF4B-00C04F79EFBC}") = "SendinBlue.Client", "SendinBlue.Client\SendinBlue.Client.csproj", "{CDC74387-A618-41BA-9275-825B7545D9DB}"
EndProject
Global
	GlobalSection(SolutionConfigurationPlatforms) = preSolution
		Debug|Any CPU = Debug|Any CPU
		Release|Any CPU = Release|Any CPU
	EndGlobalSection
	GlobalSection(ProjectConfigurationPlatforms) = postSolution
		{CDC74387-A618-41BA-9275-825B7545D9DB}.Debug|Any CPU.ActiveCfg = Debug|Any CPU
		{CDC74387-A618-41BA-9275-825B7545D9DB}.Debug|Any CPU.Build.0 = Debug|Any CPU
		{CDC74387-A618-41BA-9275-825B7545D9DB}.Release|Any CPU.ActiveCfg = Release|Any CPU
		{CDC74387-A618-41BA-9275-825B7545D9DB}.Release|Any CPU.Build.0 = Release|Any CPU
	EndGlobalSection
	GlobalSection(SolutionProperties) = preSolution
		HideSolutionNode = FALSE
	EndGlobalSection
	GlobalSection(ExtensibilityGlobals) = postSolution
		SolutionGuid = {64123BE9-6286-43F5-8DBE-2A4EC7C988DA}
	EndGlobalSection
EndGlobal
